
Microsoft Visual Studio Solution File, Format Version 12.00
# Visual Studio Version 17
VisualStudioVersion = 17.8.34525.116
MinimumVisualStudioVersion = 10.0.40219.1
Project("{FAE04EC0-301F-11D3-BF4B-00C04F79EFBC}") = "OnlineStore", "OnlineStore\OnlineStore.csproj", "{2A25D3F2-4784-4795-A509-C1B8B5C04442}"
EndProject
Project("{FAE04EC0-301F-11D3-BF4B-00C04F79EFBC}") = "Domain", "Domain\Domain.csproj", "{3AE44689-B507-47AC-99B8-839BCCC74903}"
EndProject
Project("{FAE04EC0-301F-11D3-BF4B-00C04F79EFBC}") = "Application", "Application\Application.csproj", "{54DBBF8D-81CE-46AB-A5D0-014AE4E702F0}"
EndProject
Project("{FAE04EC0-301F-11D3-BF4B-00C04F79EFBC}") = "Services", "Services\Services.csproj", "{DCDBA6A8-FB48-40B7-A66C-32FABCBD369A}"
EndProject
Global
	GlobalSection(SolutionConfigurationPlatforms) = preSolution
		Debug|Any CPU = Debug|Any CPU
		Release|Any CPU = Release|Any CPU
	EndGlobalSection
	GlobalSection(ProjectConfigurationPlatforms) = postSolution
		{2A25D3F2-4784-4795-A509-C1B8B5C04442}.Debug|Any CPU.ActiveCfg = Debug|Any CPU
		{2A25D3F2-4784-4795-A509-C1B8B5C04442}.Debug|Any CPU.Build.0 = Debug|Any CPU
		{2A25D3F2-4784-4795-A509-C1B8B5C04442}.Release|Any CPU.ActiveCfg = Release|Any CPU
		{2A25D3F2-4784-4795-A509-C1B8B5C04442}.Release|Any CPU.Build.0 = Release|Any CPU
		{3AE44689-B507-47AC-99B8-839BCCC74903}.Debug|Any CPU.ActiveCfg = Debug|Any CPU
		{3AE44689-B507-47AC-99B8-839BCCC74903}.Debug|Any CPU.Build.0 = Debug|Any CPU
		{3AE44689-B507-47AC-99B8-839BCCC74903}.Release|Any CPU.ActiveCfg = Release|Any CPU
		{3AE44689-B507-47AC-99B8-839BCCC74903}.Release|Any CPU.Build.0 = Release|Any CPU
		{54DBBF8D-81CE-46AB-A5D0-014AE4E702F0}.Debug|Any CPU.ActiveCfg = Debug|Any CPU
		{54DBBF8D-81CE-46AB-A5D0-014AE4E702F0}.Debug|Any CPU.Build.0 = Debug|Any CPU
		{54DBBF8D-81CE-46AB-A5D0-014AE4E702F0}.Release|Any CPU.ActiveCfg = Release|Any CPU
		{54DBBF8D-81CE-46AB-A5D0-014AE4E702F0}.Release|Any CPU.Build.0 = Release|Any CPU
		{DCDBA6A8-FB48-40B7-A66C-32FABCBD369A}.Debug|Any CPU.ActiveCfg = Debug|Any CPU
		{DCDBA6A8-FB48-40B7-A66C-32FABCBD369A}.Debug|Any CPU.Build.0 = Debug|Any CPU
		{DCDBA6A8-FB48-40B7-A66C-32FABCBD369A}.Release|Any CPU.ActiveCfg = Release|Any CPU
		{DCDBA6A8-FB48-40B7-A66C-32FABCBD369A}.Release|Any CPU.Build.0 = Release|Any CPU
	EndGlobalSection
	GlobalSection(SolutionProperties) = preSolution
		HideSolutionNode = FALSE
	EndGlobalSection
	GlobalSection(ExtensibilityGlobals) = postSolution
		SolutionGuid = {6C2099B0-0ED7-472D-A5D4-F63C21EB965E}
	EndGlobalSection
EndGlobal
